
Microsoft Visual Studio Solution File, Format Version 12.00
# Visual Studio Version 17
VisualStudioVersion = 17.2.32630.192
MinimumVisualStudioVersion = 10.0.40219.1
Project("{FAE04EC0-301F-11D3-BF4B-00C04F79EFBC}") = "TimeSheetNet", "TimeSheetNet\TimeSheetNet.csproj", "{7FBDDC75-06F0-41EC-988D-D29D3FC4E173}"
EndProject
Global
	GlobalSection(SolutionConfigurationPlatforms) = preSolution
		Debug|Any CPU = Debug|Any CPU
		Release|Any CPU = Release|Any CPU
	EndGlobalSection
	GlobalSection(ProjectConfigurationPlatforms) = postSolution
		{7FBDDC75-06F0-41EC-988D-D29D3FC4E173}.Debug|Any CPU.ActiveCfg = Debug|Any CPU
		{7FBDDC75-06F0-41EC-988D-D29D3FC4E173}.Debug|Any CPU.Build.0 = Debug|Any CPU
		{7FBDDC75-06F0-41EC-988D-D29D3FC4E173}.Release|Any CPU.ActiveCfg = Release|Any CPU
		{7FBDDC75-06F0-41EC-988D-D29D3FC4E173}.Release|Any CPU.Build.0 = Release|Any CPU
	EndGlobalSection
	GlobalSection(SolutionProperties) = preSolution
		HideSolutionNode = FALSE
	EndGlobalSection
	GlobalSection(ExtensibilityGlobals) = postSolution
		SolutionGuid = {CF8A0CE0-B94F-4C72-98CD-A40C10D4D059}
	EndGlobalSection
EndGlobal
